
Microsoft Visual Studio Solution File, Format Version 12.00
# Visual Studio Version 17
VisualStudioVersion = 17.8.34525.116
MinimumVisualStudioVersion = 10.0.40219.1
Project("{FAE04EC0-301F-11D3-BF4B-00C04F79EFBC}") = "Exercice1&2", "Exercice1&2.csproj", "{59757C41-7FFD-47B7-8C4E-38E6E11C4146}"
EndProject
Global
	GlobalSection(SolutionConfigurationPlatforms) = preSolution
		Debug|Any CPU = Debug|Any CPU
		Release|Any CPU = Release|Any CPU
	EndGlobalSection
	GlobalSection(ProjectConfigurationPlatforms) = postSolution
		{59757C41-7FFD-47B7-8C4E-38E6E11C4146}.Debug|Any CPU.ActiveCfg = Debug|Any CPU
		{59757C41-7FFD-47B7-8C4E-38E6E11C4146}.Debug|Any CPU.Build.0 = Debug|Any CPU
		{59757C41-7FFD-47B7-8C4E-38E6E11C4146}.Release|Any CPU.ActiveCfg = Release|Any CPU
		{59757C41-7FFD-47B7-8C4E-38E6E11C4146}.Release|Any CPU.Build.0 = Release|Any CPU
	EndGlobalSection
	GlobalSection(SolutionProperties) = preSolution
		HideSolutionNode = FALSE
	EndGlobalSection
	GlobalSection(ExtensibilityGlobals) = postSolution
		SolutionGuid = {4CF32057-7E2A-49F7-9041-9338B841F6AC}
	EndGlobalSection
EndGlobal
